
Microsoft Visual Studio Solution File, Format Version 12.00
# Visual Studio 15
VisualStudioVersion = 15.0.27004.2006
MinimumVisualStudioVersion = 10.0.40219.1
Project("{9A19103F-16F7-4668-BE54-9A1E7A4F7556}") = "NeoFlux", "NeoFlux\NeoFlux.csproj", "{A12AB2C3-3D84-47BD-B9AF-2472FE727B88}"
EndProject
Project("{9A19103F-16F7-4668-BE54-9A1E7A4F7556}") = "Neo.Lux", "..\..\Neo\neo-lux\Neo.Lux\Neo.Lux.csproj", "{B3AAA0D3-304E-4408-A052-E3E8A8FA2006}"
EndProject
Project("{FAE04EC0-301F-11D3-BF4B-00C04F79EFBC}") = "Neo.Lux.Demo", "..\..\Neo\neo-lux\Neo.Lux.Demo\Neo.Lux.Demo.csproj", "{3C5A33B0-C015-4670-BC38-283DA680CC27}"
EndProject
Project("{FAE04EC0-301F-11D3-BF4B-00C04F79EFBC}") = "Neo.Lux.Tests", "..\..\Neo\neo-lux\Neo.Lux.Tests\Neo.Lux.Tests.csproj", "{4C1630DA-9EC2-40F3-A35C-CA65606E6C13}"
EndProject
Global
	GlobalSection(SolutionConfigurationPlatforms) = preSolution
		Debug|Any CPU = Debug|Any CPU
		Release|Any CPU = Release|Any CPU
	EndGlobalSection
	GlobalSection(ProjectConfigurationPlatforms) = postSolution
		{A12AB2C3-3D84-47BD-B9AF-2472FE727B88}.Debug|Any CPU.ActiveCfg = Debug|Any CPU
		{A12AB2C3-3D84-47BD-B9AF-2472FE727B88}.Debug|Any CPU.Build.0 = Debug|Any CPU
		{A12AB2C3-3D84-47BD-B9AF-2472FE727B88}.Release|Any CPU.ActiveCfg = Release|Any CPU
		{A12AB2C3-3D84-47BD-B9AF-2472FE727B88}.Release|Any CPU.Build.0 = Release|Any CPU
		{B3AAA0D3-304E-4408-A052-E3E8A8FA2006}.Debug|Any CPU.ActiveCfg = Debug|Any CPU
		{B3AAA0D3-304E-4408-A052-E3E8A8FA2006}.Debug|Any CPU.Build.0 = Debug|Any CPU
		{B3AAA0D3-304E-4408-A052-E3E8A8FA2006}.Release|Any CPU.ActiveCfg = Release|Any CPU
		{B3AAA0D3-304E-4408-A052-E3E8A8FA2006}.Release|Any CPU.Build.0 = Release|Any CPU
		{3C5A33B0-C015-4670-BC38-283DA680CC27}.Debug|Any CPU.ActiveCfg = Debug|Any CPU
		{3C5A33B0-C015-4670-BC38-283DA680CC27}.Debug|Any CPU.Build.0 = Debug|Any CPU
		{3C5A33B0-C015-4670-BC38-283DA680CC27}.Release|Any CPU.ActiveCfg = Release|Any CPU
		{3C5A33B0-C015-4670-BC38-283DA680CC27}.Release|Any CPU.Build.0 = Release|Any CPU
		{4C1630DA-9EC2-40F3-A35C-CA65606E6C13}.Debug|Any CPU.ActiveCfg = Debug|Any CPU
		{4C1630DA-9EC2-40F3-A35C-CA65606E6C13}.Debug|Any CPU.Build.0 = Debug|Any CPU
		{4C1630DA-9EC2-40F3-A35C-CA65606E6C13}.Release|Any CPU.ActiveCfg = Release|Any CPU
		{4C1630DA-9EC2-40F3-A35C-CA65606E6C13}.Release|Any CPU.Build.0 = Release|Any CPU
	EndGlobalSection
	GlobalSection(SolutionProperties) = preSolution
		HideSolutionNode = FALSE
	EndGlobalSection
	GlobalSection(ExtensibilityGlobals) = postSolution
		SolutionGuid = {66653F79-0FD8-44DB-8AC9-E2970776C3C8}
	EndGlobalSection
EndGlobal
